// !$*UTF8*$!
{
	archiveVersion = 1;
	classes = {
	};
	objectVersion = 46;
	objects = {

/* Begin PBXBuildFile section */
		6C2216C91ED131C5005F58ED /* AppDelegate.swift in Sources */ = {isa = PBXBuildFile; fileRef = 6C2216C81ED131C5005F58ED /* AppDelegate.swift */; };
		6C2216CB1ED131C5005F58ED /* ViewController.swift in Sources */ = {isa = PBXBuildFile; fileRef = 6C2216CA1ED131C5005F58ED /* ViewController.swift */; };
		6C2216CE1ED131C5005F58ED /* Main.storyboard in Resources */ = {isa = PBXBuildFile; fileRef = 6C2216CC1ED131C5005F58ED /* Main.storyboard */; };
		6C2216D01ED131C5005F58ED /* Assets.xcassets in Resources */ = {isa = PBXBuildFile; fileRef = 6C2216CF1ED131C5005F58ED /* Assets.xcassets */; };
		6C2216D31ED131C5005F58ED /* LaunchScreen.storyboard in Resources */ = {isa = PBXBuildFile; fileRef = 6C2216D11ED131C5005F58ED /* LaunchScreen.storyboard */; };
		6C2216DE1ED131C6005F58ED /* QuickEatsTests.swift in Sources */ = {isa = PBXBuildFile; fileRef = 6C2216DD1ED131C6005F58ED /* QuickEatsTests.swift */; };
		6C2216E91ED131C6005F58ED /* QuickEatsUITests.swift in Sources */ = {isa = PBXBuildFile; fileRef = 6C2216E81ED131C6005F58ED /* QuickEatsUITests.swift */; };
		6C2216F81ED1EFED005F58ED /* DataManager.swift in Sources */ = {isa = PBXBuildFile; fileRef = 6C2216F71ED1EFED005F58ED /* DataManager.swift */; };
		6C2216FB1ED20FC7005F58ED /* LocalAuthentication.framework in Frameworks */ = {isa = PBXBuildFile; fileRef = 6C2216FA1ED20FC7005F58ED /* LocalAuthentication.framework */; };
		6C96DD3A1EDFA54100BA65E6 /* Utils.swift in Sources */ = {isa = PBXBuildFile; fileRef = 6C96DD391EDFA54100BA65E6 /* Utils.swift */; };
/* End PBXBuildFile section */

/* Begin PBXContainerItemProxy section */
		6C2216DA1ED131C5005F58ED /* PBXContainerItemProxy */ = {
			isa = PBXContainerItemProxy;
			containerPortal = 6C2216BD1ED131C5005F58ED /* Project object */;
			proxyType = 1;
			remoteGlobalIDString = 6C2216C41ED131C5005F58ED;
			remoteInfo = QuickEats;
		};
		6C2216E51ED131C6005F58ED /* PBXContainerItemProxy */ = {
			isa = PBXContainerItemProxy;
			containerPortal = 6C2216BD1ED131C5005F58ED /* Project object */;
			proxyType = 1;
			remoteGlobalIDString = 6C2216C41ED131C5005F58ED;
			remoteInfo = QuickEats;
		};
/* End PBXContainerItemProxy section */

/* Begin PBXFileReference section */
		6C2216C51ED131C5005F58ED /* QuickEats.app */ = {isa = PBXFileReference; explicitFileType = wrapper.application; includeInIndex = 0; path = QuickEats.app; sourceTree = BUILT_PRODUCTS_DIR; };
		6C2216C81ED131C5005F58ED /* AppDelegate.swift */ = {isa = PBXFileReference; lastKnownFileType = sourcecode.swift; path = AppDelegate.swift; sourceTree = "<group>"; };
		6C2216CA1ED131C5005F58ED /* ViewController.swift */ = {isa = PBXFileReference; lastKnownFileType = sourcecode.swift; path = ViewController.swift; sourceTree = "<group>"; };
		6C2216CD1ED131C5005F58ED /* Base */ = {isa = PBXFileReference; lastKnownFileType = file.storyboard; name = Base; path = Base.lproj/Main.storyboard; sourceTree = "<group>"; };
		6C2216CF1ED131C5005F58ED /* Assets.xcassets */ = {isa = PBXFileReference; lastKnownFileType = folder.assetcatalog; path = Assets.xcassets; sourceTree = "<group>"; };
		6C2216D21ED131C5005F58ED /* Base */ = {isa = PBXFileReference; lastKnownFileType = file.storyboard; name = Base; path = Base.lproj/LaunchScreen.storyboard; sourceTree = "<group>"; };
		6C2216D41ED131C5005F58ED /* Info.plist */ = {isa = PBXFileReference; lastKnownFileType = text.plist.xml; path = Info.plist; sourceTree = "<group>"; };
		6C2216D91ED131C5005F58ED /* QuickEatsTests.xctest */ = {isa = PBXFileReference; explicitFileType = wrapper.cfbundle; includeInIndex = 0; path = QuickEatsTests.xctest; sourceTree = BUILT_PRODUCTS_DIR; };
		6C2216DD1ED131C6005F58ED /* QuickEatsTests.swift */ = {isa = PBXFileReference; lastKnownFileType = sourcecode.swift; path = QuickEatsTests.swift; sourceTree = "<group>"; };
		6C2216DF1ED131C6005F58ED /* Info.plist */ = {isa = PBXFileReference; lastKnownFileType = text.plist.xml; path = Info.plist; sourceTree = "<group>"; };
		6C2216E41ED131C6005F58ED /* QuickEatsUITests.xctest */ = {isa = PBXFileReference; explicitFileType = wrapper.cfbundle; includeInIndex = 0; path = QuickEatsUITests.xctest; sourceTree = BUILT_PRODUCTS_DIR; };
		6C2216E81ED131C6005F58ED /* QuickEatsUITests.swift */ = {isa = PBXFileReference; lastKnownFileType = sourcecode.swift; path = QuickEatsUITests.swift; sourceTree = "<group>"; };
		6C2216EA1ED131C6005F58ED /* Info.plist */ = {isa = PBXFileReference; lastKnownFileType = text.plist.xml; path = Info.plist; sourceTree = "<group>"; };
		6C2216F71ED1EFED005F58ED /* DataManager.swift */ = {isa = PBXFileReference; fileEncoding = 4; lastKnownFileType = sourcecode.swift; path = DataManager.swift; sourceTree = "<group>"; };
		6C2216FA1ED20FC7005F58ED /* LocalAuthentication.framework */ = {isa = PBXFileReference; lastKnownFileType = wrapper.framework; name = LocalAuthentication.framework; path = System/Library/Frameworks/LocalAuthentication.framework; sourceTree = SDKROOT; };
		6C96DD391EDFA54100BA65E6 /* Utils.swift */ = {isa = PBXFileReference; fileEncoding = 4; lastKnownFileType = sourcecode.swift; path = Utils.swift; sourceTree = "<group>"; };
/* End PBXFileReference section */

/* Begin PBXFrameworksBuildPhase section */
		6C2216C21ED131C5005F58ED /* Frameworks */ = {
			isa = PBXFrameworksBuildPhase;
			buildActionMask = 2147483647;
			files = (
				6C2216FB1ED20FC7005F58ED /* LocalAuthentication.framework in Frameworks */,
			);
			runOnlyForDeploymentPostprocessing = 0;
		};
		6C2216D61ED131C5005F58ED /* Frameworks */ = {
			isa = PBXFrameworksBuildPhase;
			buildActionMask = 2147483647;
			files = (
			);
			runOnlyForDeploymentPostprocessing = 0;
		};
		6C2216E11ED131C6005F58ED /* Frameworks */ = {
			isa = PBXFrameworksBuildPhase;
			buildActionMask = 2147483647;
			files = (
			);
			runOnlyForDeploymentPostprocessing = 0;
		};
/* End PBXFrameworksBuildPhase section */

/* Begin PBXGroup section */
		6C2216BC1ED131C5005F58ED = {
			isa = PBXGroup;
			children = (
				6C2216C71ED131C5005F58ED /* QuickEats */,
				6C2216DC1ED131C5005F58ED /* QuickEatsTests */,
				6C2216E71ED131C6005F58ED /* QuickEatsUITests */,
				6C2216C61ED131C5005F58ED /* Products */,
				6C2216F91ED20FC6005F58ED /* Frameworks */,
			);
			sourceTree = "<group>";
		};
		6C2216C61ED131C5005F58ED /* Products */ = {
			isa = PBXGroup;
			children = (
				6C2216C51ED131C5005F58ED /* QuickEats.app */,
				6C2216D91ED131C5005F58ED /* QuickEatsTests.xctest */,
				6C2216E41ED131C6005F58ED /* QuickEatsUITests.xctest */,
			);
			name = Products;
			sourceTree = "<group>";
		};
		6C2216C71ED131C5005F58ED /* QuickEats */ = {
			isa = PBXGroup;
			children = (
				6C2216F61ED1EFBC005F58ED /* Managers */,
				6C2216C81ED131C5005F58ED /* AppDelegate.swift */,
				6C2216CA1ED131C5005F58ED /* ViewController.swift */,
				6C2216CC1ED131C5005F58ED /* Main.storyboard */,
				6C2216CF1ED131C5005F58ED /* Assets.xcassets */,
				6C2216D11ED131C5005F58ED /* LaunchScreen.storyboard */,
				6C2216D41ED131C5005F58ED /* Info.plist */,
			);
			path = QuickEats;
			sourceTree = "<group>";
		};
		6C2216DC1ED131C5005F58ED /* QuickEatsTests */ = {
			isa = PBXGroup;
			children = (
				6C2216DD1ED131C6005F58ED /* QuickEatsTests.swift */,
				6C2216DF1ED131C6005F58ED /* Info.plist */,
			);
			path = QuickEatsTests;
			sourceTree = "<group>";
		};
		6C2216E71ED131C6005F58ED /* QuickEatsUITests */ = {
			isa = PBXGroup;
			children = (
				6C2216E81ED131C6005F58ED /* QuickEatsUITests.swift */,
				6C2216EA1ED131C6005F58ED /* Info.plist */,
			);
			path = QuickEatsUITests;
			sourceTree = "<group>";
		};
		6C2216F61ED1EFBC005F58ED /* Managers */ = {
			isa = PBXGroup;
			children = (
				6C2216F71ED1EFED005F58ED /* DataManager.swift */,
				6C96DD391EDFA54100BA65E6 /* Utils.swift */,
			);
			name = Managers;
			sourceTree = "<group>";
		};
		6C2216F91ED20FC6005F58ED /* Frameworks */ = {
			isa = PBXGroup;
			children = (
				6C2216FA1ED20FC7005F58ED /* LocalAuthentication.framework */,
			);
			name = Frameworks;
			sourceTree = "<group>";
		};
/* End PBXGroup section */

/* Begin PBXNativeTarget section */
		6C2216C41ED131C5005F58ED /* QuickEats */ = {
			isa = PBXNativeTarget;
			buildConfigurationList = 6C2216ED1ED131C6005F58ED /* Build configuration list for PBXNativeTarget "QuickEats" */;
			buildPhases = (
				6C2216C11ED131C5005F58ED /* Sources */,
				6C2216C21ED131C5005F58ED /* Frameworks */,
				6C2216C31ED131C5005F58ED /* Resources */,
			);
			buildRules = (
			);
			dependencies = (
			);
			name = QuickEats;
			productName = QuickEats;
			productReference = 6C2216C51ED131C5005F58ED /* QuickEats.app */;
			productType = "com.apple.product-type.application";
		};
		6C2216D81ED131C5005F58ED /* QuickEatsTests */ = {
			isa = PBXNativeTarget;
			buildConfigurationList = 6C2216F01ED131C6005F58ED /* Build configuration list for PBXNativeTarget "QuickEatsTests" */;
			buildPhases = (
				6C2216D51ED131C5005F58ED /* Sources */,
				6C2216D61ED131C5005F58ED /* Frameworks */,
				6C2216D71ED131C5005F58ED /* Resources */,
			);
			buildRules = (
			);
			dependencies = (
				6C2216DB1ED131C5005F58ED /* PBXTargetDependency */,
			);
			name = QuickEatsTests;
			productName = QuickEatsTests;
			productReference = 6C2216D91ED131C5005F58ED /* QuickEatsTests.xctest */;
			productType = "com.apple.product-type.bundle.unit-test";
		};
		6C2216E31ED131C6005F58ED /* QuickEatsUITests */ = {
			isa = PBXNativeTarget;
			buildConfigurationList = 6C2216F31ED131C6005F58ED /* Build configuration list for PBXNativeTarget "QuickEatsUITests" */;
			buildPhases = (
				6C2216E01ED131C6005F58ED /* Sources */,
				6C2216E11ED131C6005F58ED /* Frameworks */,
				6C2216E21ED131C6005F58ED /* Resources */,
			);
			buildRules = (
			);
			dependencies = (
				6C2216E61ED131C6005F58ED /* PBXTargetDependency */,
			);
			name = QuickEatsUITests;
			productName = QuickEatsUITests;
			productReference = 6C2216E41ED131C6005F58ED /* QuickEatsUITests.xctest */;
			productType = "com.apple.product-type.bundle.ui-testing";
		};
/* End PBXNativeTarget section */

/* Begin PBXProject section */
		6C2216BD1ED131C5005F58ED /* Project object */ = {
			isa = PBXProject;
			attributes = {
				LastSwiftUpdateCheck = 0830;
				LastUpgradeCheck = 0830;
				ORGANIZATIONNAME = chelseatj3;
				TargetAttributes = {
					6C2216C41ED131C5005F58ED = {
						CreatedOnToolsVersion = 8.3.2;
						DevelopmentTeam = 2UEPS25UM7;
						ProvisioningStyle = Automatic;
					};
					6C2216D81ED131C5005F58ED = {
						CreatedOnToolsVersion = 8.3.2;
						ProvisioningStyle = Automatic;
						TestTargetID = 6C2216C41ED131C5005F58ED;
					};
					6C2216E31ED131C6005F58ED = {
						CreatedOnToolsVersion = 8.3.2;
						ProvisioningStyle = Automatic;
						TestTargetID = 6C2216C41ED131C5005F58ED;
					};
				};
			};
			buildConfigurationList = 6C2216C01ED131C5005F58ED /* Build configuration list for PBXProject "QuickEats" */;
			compatibilityVersion = "Xcode 3.2";
			developmentRegion = English;
			hasScannedForEncodings = 0;
			knownRegions = (
				en,
				Base,
			);
			mainGroup = 6C2216BC1ED131C5005F58ED;
			productRefGroup = 6C2216C61ED131C5005F58ED /* Products */;
			projectDirPath = "";
			projectRoot = "";
			targets = (
				6C2216C41ED131C5005F58ED /* QuickEats */,
				6C2216D81ED131C5005F58ED /* QuickEatsTests */,
				6C2216E31ED131C6005F58ED /* QuickEatsUITests */,
			);
		};
/* End PBXProject section */

/* Begin PBXResourcesBuildPhase section */
		6C2216C31ED131C5005F58ED /* Resources */ = {
			isa = PBXResourcesBuildPhase;
			buildActionMask = 2147483647;
			files = (
				6C2216D31ED131C5005F58ED /* LaunchScreen.storyboard in Resources */,
				6C2216D01ED131C5005F58ED /* Assets.xcassets in Resources */,
				6C2216CE1ED131C5005F58ED /* Main.storyboard in Resources */,
			);
			runOnlyForDeploymentPostprocessing = 0;
		};
		6C2216D71ED131C5005F58ED /* Resources */ = {
			isa = PBXResourcesBuildPhase;
			buildActionMask = 2147483647;
			files = (
			);
			runOnlyForDeploymentPostprocessing = 0;
		};
		6C2216E21ED131C6005F58ED /* Resources */ = {
			isa = PBXResourcesBuildPhase;
			buildActionMask = 2147483647;
			files = (
			);
			runOnlyForDeploymentPostprocessing = 0;
		};
/* End PBXResourcesBuildPhase section */

/* Begin PBXSourcesBuildPhase section */
		6C2216C11ED131C5005F58ED /* Sources */ = {
			isa = PBXSourcesBuildPhase;
			buildActionMask = 2147483647;
			files = (
				6C2216CB1ED131C5005F58ED /* ViewController.swift in Sources */,
				6C2216F81ED1EFED005F58ED /* DataManager.swift in Sources */,
				6C2216C91ED131C5005F58ED /* AppDelegate.swift in Sources */,
				6C96DD3A1EDFA54100BA65E6 /* Utils.swift in Sources */,
			);
			runOnlyForDeploymentPostprocessing = 0;
		};
		6C2216D51ED131C5005F58ED /* Sources */ = {
			isa = PBXSourcesBuildPhase;
			buildActionMask = 2147483647;
			files = (
				6C2216DE1ED131C6005F58ED /* QuickEatsTests.swift in Sources */,
			);
			runOnlyForDeploymentPostprocessing = 0;
		};
		6C2216E01ED131C6005F58ED /* Sources */ = {
			isa = PBXSourcesBuildPhase;
			buildActionMask = 2147483647;
			files = (
				6C2216E91ED131C6005F58ED /* QuickEatsUITests.swift in Sources */,
			);
			runOnlyForDeploymentPostprocessing = 0;
		};
/* End PBXSourcesBuildPhase section */

/* Begin PBXTargetDependency section */
		6C2216DB1ED131C5005F58ED /* PBXTargetDependency */ = {
			isa = PBXTargetDependency;
			target = 6C2216C41ED131C5005F58ED /* QuickEats */;
			targetProxy = 6C2216DA1ED131C5005F58ED /* PBXContainerItemProxy */;
		};
		6C2216E61ED131C6005F58ED /* PBXTargetDependency */ = {
			isa = PBXTargetDependency;
			target = 6C2216C41ED131C5005F58ED /* QuickEats */;
			targetProxy = 6C2216E51ED131C6005F58ED /* PBXContainerItemProxy */;
		};
/* End PBXTargetDependency section */

/* Begin PBXVariantGroup section */
		6C2216CC1ED131C5005F58ED /* Main.storyboard */ = {
			isa = PBXVariantGroup;
			children = (
				6C2216CD1ED131C5005F58ED /* Base */,
			);
			name = Main.storyboard;
			sourceTree = "<group>";
		};
		6C2216D11ED131C5005F58ED /* LaunchScreen.storyboard */ = {
			isa = PBXVariantGroup;
			children = (
				6C2216D21ED131C5005F58ED /* Base */,
			);
			name = LaunchScreen.storyboard;
			sourceTree = "<group>";
		};
/* End PBXVariantGroup section */

/* Begin XCBuildConfiguration section */
		6C2216EB1ED131C6005F58ED /* Debug */ = {
			isa = XCBuildConfiguration;
			buildSettings = {
				ALWAYS_SEARCH_USER_PATHS = NO;
				CLANG_ANALYZER_NONNULL = YES;
				CLANG_ANALYZER_NUMBER_OBJECT_CONVERSION = YES_AGGRESSIVE;
				CLANG_CXX_LANGUAGE_STANDARD = "gnu++0x";
				CLANG_CXX_LIBRARY = "libc++";
				CLANG_ENABLE_MODULES = YES;
				CLANG_ENABLE_OBJC_ARC = YES;
				CLANG_WARN_BOOL_CONVERSION = YES;
				CLANG_WARN_CONSTANT_CONVERSION = YES;
				CLANG_WARN_DIRECT_OBJC_ISA_USAGE = YES_ERROR;
				CLANG_WARN_DOCUMENTATION_COMMENTS = YES;
				CLANG_WARN_EMPTY_BODY = YES;
				CLANG_WARN_ENUM_CONVERSION = YES;
				CLANG_WARN_INFINITE_RECURSION = YES;
				CLANG_WARN_INT_CONVERSION = YES;
				CLANG_WARN_OBJC_ROOT_CLASS = YES_ERROR;
				CLANG_WARN_SUSPICIOUS_MOVE = YES;
				CLANG_WARN_UNREACHABLE_CODE = YES;
				CLANG_WARN__DUPLICATE_METHOD_MATCH = YES;
				"CODE_SIGN_IDENTITY[sdk=iphoneos*]" = "iPhone Developer";
				COPY_PHASE_STRIP = NO;
				DEBUG_INFORMATION_FORMAT = dwarf;
				ENABLE_STRICT_OBJC_MSGSEND = YES;
				ENABLE_TESTABILITY = YES;
				GCC_C_LANGUAGE_STANDARD = gnu99;
				GCC_DYNAMIC_NO_PIC = NO;
				GCC_NO_COMMON_BLOCKS = YES;
				GCC_OPTIMIZATION_LEVEL = 0;
				GCC_PREPROCESSOR_DEFINITIONS = (
					"DEBUG=1",
					"$(inherited)",
				);
				GCC_WARN_64_TO_32_BIT_CONVERSION = YES;
				GCC_WARN_ABOUT_RETURN_TYPE = YES_ERROR;
				GCC_WARN_UNDECLARED_SELECTOR = YES;
				GCC_WARN_UNINITIALIZED_AUTOS = YES_AGGRESSIVE;
				GCC_WARN_UNUSED_FUNCTION = YES;
				GCC_WARN_UNUSED_VARIABLE = YES;
				IPHONEOS_DEPLOYMENT_TARGET = 10.3;
				MTL_ENABLE_DEBUG_INFO = YES;
				ONLY_ACTIVE_ARCH = YES;
				SDKROOT = iphoneos;
				SWIFT_ACTIVE_COMPILATION_CONDITIONS = DEBUG;
				SWIFT_OPTIMIZATION_LEVEL = "-Onone";
			};
			name = Debug;
		};
		6C2216EC1ED131C6005F58ED /* Release */ = {
			isa = XCBuildConfiguration;
			buildSettings = {
				ALWAYS_SEARCH_USER_PATHS = NO;
				CLANG_ANALYZER_NONNULL = YES;
				CLANG_ANALYZER_NUMBER_OBJECT_CONVERSION = YES_AGGRESSIVE;
				CLANG_CXX_LANGUAGE_STANDARD = "gnu++0x";
				CLANG_CXX_LIBRARY = "libc++";
				CLANG_ENABLE_MODULES = YES;
				CLANG_ENABLE_OBJC_ARC = YES;
				CLANG_WARN_BOOL_CONVERSION = YES;
				CLANG_WARN_CONSTANT_CONVERSION = YES;
				CLANG_WARN_DIRECT_OBJC_ISA_USAGE = YES_ERROR;
				CLANG_WARN_DOCUMENTATION_COMMENTS = YES;
				CLANG_WARN_EMPTY_BODY = YES;
				CLANG_WARN_ENUM_CONVERSION = YES;
				CLANG_WARN_INFINITE_RECURSION = YES;
				CLANG_WARN_INT_CONVERSION = YES;
				CLANG_WARN_OBJC_ROOT_CLASS = YES_ERROR;
				CLANG_WARN_SUSPICIOUS_MOVE = YES;
				CLANG_WARN_UNREACHABLE_CODE = YES;
				CLANG_WARN__DUPLICATE_METHOD_MATCH = YES;
				"CODE_SIGN_IDENTITY[sdk=iphoneos*]" = "iPhone Developer";
				COPY_PHASE_STRIP = NO;
				DEBUG_INFORMATION_FORMAT = "dwarf-with-dsym";
				ENABLE_NS_ASSERTIONS = NO;
				ENABLE_STRICT_OBJC_MSGSEND = YES;
				GCC_C_LANGUAGE_STANDARD = gnu99;
				GCC_NO_COMMON_BLOCKS = YES;
				GCC_WARN_64_TO_32_BIT_CONVERSION = YES;
				GCC_WARN_ABOUT_RETURN_TYPE = YES_ERROR;
				GCC_WARN_UNDECLARED_SELECTOR = YES;
				GCC_WARN_UNINITIALIZED_AUTOS = YES_AGGRESSIVE;
				GCC_WARN_UNUSED_FUNCTION = YES;
				GCC_WARN_UNUSED_VARIABLE = YES;
				IPHONEOS_DEPLOYMENT_TARGET = 10.3;
				MTL_ENABLE_DEBUG_INFO = NO;
				SDKROOT = iphoneos;
				SWIFT_OPTIMIZATION_LEVEL = "-Owholemodule";
				VALIDATE_PRODUCT = YES;
			};
			name = Release;
		};
		6C2216EE1ED131C6005F58ED /* Debug */ = {
			isa = XCBuildConfiguration;
			buildSettings = {
				ASSETCATALOG_COMPILER_APPICON_NAME = AppIcon;
				DEVELOPMENT_TEAM = 2UEPS25UM7;
				INFOPLIST_FILE = QuickEats/Info.plist;
				IPHONEOS_DEPLOYMENT_TARGET = 10.1;
				LD_RUNPATH_SEARCH_PATHS = "$(inherited) @executable_path/Frameworks";
				PRODUCT_BUNDLE_IDENTIFIER = com.appcoda.QuickEats;
				PRODUCT_NAME = "$(TARGET_NAME)";
				SWIFT_VERSION = 3.0;
			};
			name = Debug;
		};
		6C2216EF1ED131C6005F58ED /* Release */ = {
			isa = XCBuildConfiguration;
			buildSettings = {
				ASSETCATALOG_COMPILER_APPICON_NAME = AppIcon;
				DEVELOPMENT_TEAM = 2UEPS25UM7;
				INFOPLIST_FILE = QuickEats/Info.plist;
				IPHONEOS_DEPLOYMENT_TARGET = 10.1;
				LD_RUNPATH_SEARCH_PATHS = "$(inherited) @executable_path/Frameworks";
				PRODUCT_BUNDLE_IDENTIFIER = com.appcoda.QuickEats;
				PRODUCT_NAME = "$(TARGET_NAME)";
				SWIFT_VERSION = 3.0;
			};
			name = Release;
		};
		6C2216F11ED131C6005F58ED /* Debug */ = {
			isa = XCBuildConfiguration;
			buildSettings = {
				ALWAYS_EMBED_SWIFT_STANDARD_LIBRARIES = YES;
				BUNDLE_LOADER = "$(TEST_HOST)";
				INFOPLIST_FILE = QuickEatsTests/Info.plist;
				LD_RUNPATH_SEARCH_PATHS = "$(inherited) @executable_path/Frameworks @loader_path/Frameworks";
				PRODUCT_BUNDLE_IDENTIFIER = com.appcoda.QuickEatsTests;
				PRODUCT_NAME = "$(TARGET_NAME)";
				SWIFT_VERSION = 3.0;
				TEST_HOST = "$(BUILT_PRODUCTS_DIR)/QuickEats.app/QuickEats";
			};
			name = Debug;
		};
		6C2216F21ED131C6005F58ED /* Release */ = {
			isa = XCBuildConfiguration;
			buildSettings = {
				ALWAYS_EMBED_SWIFT_STANDARD_LIBRARIES = YES;
				BUNDLE_LOADER = "$(TEST_HOST)";
				INFOPLIST_FILE = QuickEatsTests/Info.plist;
				LD_RUNPATH_SEARCH_PATHS = "$(inherited) @executable_path/Frameworks @loader_path/Frameworks";
				PRODUCT_BUNDLE_IDENTIFIER = com.appcoda.QuickEatsTests;
				PRODUCT_NAME = "$(TARGET_NAME)";
				SWIFT_VERSION = 3.0;
				TEST_HOST = "$(BUILT_PRODUCTS_DIR)/QuickEats.app/QuickEats";
			};
			name = Release;
		};
		6C2216F41ED131C6005F58ED /* Debug */ = {
			isa = XCBuildConfiguration;
			buildSettings = {
				ALWAYS_EMBED_SWIFT_STANDARD_LIBRARIES = YES;
				INFOPLIST_FILE = QuickEatsUITests/Info.plist;
				LD_RUNPATH_SEARCH_PATHS = "$(inherited) @executable_path/Frameworks @loader_path/Frameworks";
				PRODUCT_BUNDLE_IDENTIFIER = com.appcoda.QuickEatsUITests;
				PRODUCT_NAME = "$(TARGET_NAME)";
				SWIFT_VERSION = 3.0;
				TEST_TARGET_NAME = QuickEats;
			};
			name = Debug;
		};
		6C2216F51ED131C6005F58ED /* Release */ = {
			isa = XCBuildConfiguration;
			buildSettings = {
				ALWAYS_EMBED_SWIFT_STANDARD_LIBRARIES = YES;
				INFOPLIST_FILE = QuickEatsUITests/Info.plist;
				LD_RUNPATH_SEARCH_PATHS = "$(inherited) @executable_path/Frameworks @loader_path/Frameworks";
				PRODUCT_BUNDLE_IDENTIFIER = com.appcoda.QuickEatsUITests;
				PRODUCT_NAME = "$(TARGET_NAME)";
				SWIFT_VERSION = 3.0;
				TEST_TARGET_NAME = QuickEats;
			};
			name = Release;
		};
/* End XCBuildConfiguration section */

/* Begin XCConfigurationList section */
		6C2216C01ED131C5005F58ED /* Build configuration list for PBXProject "QuickEats" */ = {
			isa = XCConfigurationList;
			buildConfigurations = (
				6C2216EB1ED131C6005F58ED /* Debug */,
				6C2216EC1ED131C6005F58ED /* Release */,
			);
			defaultConfigurationIsVisible = 0;
			defaultConfigurationName = Release;
		};
		6C2216ED1ED131C6005F58ED /* Build configuration list for PBXNativeTarget "QuickEats" */ = {
			isa = XCConfigurationList;
			buildConfigurations = (
				6C2216EE1ED131C6005F58ED /* Debug */,
				6C2216EF1ED131C6005F58ED /* Release */,
			);
			defaultConfigurationIsVisible = 0;
			defaultConfigurationName = Release;
		};
		6C2216F01ED131C6005F58ED /* Build configuration list for PBXNativeTarget "QuickEatsTests" */ = {
			isa = XCConfigurationList;
			buildConfigurations = (
				6C2216F11ED131C6005F58ED /* Debug */,
				6C2216F21ED131C6005F58ED /* Release */,
			);
			defaultConfigurationIsVisible = 0;
			defaultConfigurationName = Release;
		};
		6C2216F31ED131C6005F58ED /* Build configuration list for PBXNativeTarget "QuickEatsUITests" */ = {
			isa = XCConfigurationList;
			buildConfigurations = (
				6C2216F41ED131C6005F58ED /* Debug */,
				6C2216F51ED131C6005F58ED /* Release */,
			);
			defaultConfigurationIsVisible = 0;
			defaultConfigurationName = Release;
		};
/* End XCConfigurationList section */
	};
	rootObject = 6C2216BD1ED131C5005F58ED /* Project object */;
}
